<?xml version="1.0" encoding="utf-8"?>
<Project ToolsVersion="4.0" xmlns="http://schemas.microsoft.com/developer/msbuild/2003">
  <ItemGroup>
    <Filter Include="Source Files">
      <UniqueIdentifier>{4FC737F1-C7A5-4376-A066-2A32D752A2FF}</UniqueIdentifier>
      <Extensions>cpp;c;cc;cxx;c++;cppm;ixx;def;odl;idl;hpj;bat;asm;asmx</Extensions>
    </Filter>
    <Filter Include="Header Files">
      <UniqueIdentifier>{93995380-89BD-4b04-88EB-625FBE52EBFB}</UniqueIdentifier>
      <Extensions>h;hh;hpp;hxx;h++;hm;inl;inc;ipp;xsd</Extensions>
    </Filter>
    <Filter Include="Resource Files">
      <UniqueIdentifier>{67DA6AB6-F800-4c08-8B7A-83BB121AAD01}</UniqueIdentifier>
      <Extensions>rc;ico;cur;bmp;dlg;rc2;rct;bin;rgs;gif;jpg;jpeg;jpe;resx;tiff;tif;png;wav;mfcribbon-ms</Extensions>
    </Filter>
    <Filter Include="Shaders">
      <UniqueIdentifier>{bf3b90aa-8d1e-4314-b4d9-404ffc6a50f2}</UniqueIdentifier>
    </Filter>
    <Filter Include="Libs">
      <UniqueIdentifier>{be5aec8d-c0bf-4e2a-811f-84a0160c7adf}</UniqueIdentifier>
    </Filter>
  </ItemGroup>
  <ItemGroup>
    <ClCompile Include="util\file_utils.cpp">
      <Filter>Source Files</Filter>
    </ClCompile>
    <ClCompile Include="vulkan\UniformBufferManager.cpp">
      <Filter>Source Files</Filter>
    </ClCompile>
    <ClCompile Include="vulkan\VulkanDevice.cpp">
      <Filter>Source Files</Filter>
    </ClCompile>
    <ClCompile Include="scene\Camera.cpp">
      <Filter>Source Files</Filter>
    </ClCompile>
    <ClCompile Include="scene\CameraController.cpp">
      <Filter>Source Files</Filter>
    </ClCompile>
    <ClCompile Include="scene\MousePicker.cpp">
      <Filter>Source Files</Filter>
    </ClCompile>
    <ClCompile Include="scene\Model.cpp">
      <Filter>Source Files</Filter>
    </ClCompile>
    <ClCompile Include="scene\ModelUploader.cpp">
      <Filter>Source Files</Filter>
    </ClCompile>
    <ClCompile Include="vulkan\CommandBufferManager.cpp">
      <Filter>Source Files</Filter>
    </ClCompile>
    <ClCompile Include="util\ComputeTiming.cpp">
      <Filter>Source Files</Filter>
    </ClCompile>
    <ClCompile Include="framegraph\FrameController.cpp">
      <Filter>Source Files</Filter>
    </ClCompile>
    <ClCompile Include="framegraph\FrameUpdateStage.cpp">
      <Filter>Source Files</Filter>
    </ClCompile>
    <ClCompile Include="framegraph\FrameComputeStage.cpp">
      <Filter>Source Files</Filter>
    </ClCompile>
    <ClCompile Include="framegraph\FrameGraphicsStage.cpp">
      <Filter>Source Files</Filter>
    </ClCompile>
    <ClCompile Include="render\RenderTargetStage.cpp">
      <Filter>Source Files</Filter>
    </ClCompile>
    <ClCompile Include="render\RenderRuntime.cpp">
      <Filter>Source Files</Filter>
    </ClCompile>
    <ClCompile Include="runtime\RuntimeHost.cpp">
      <Filter>Source Files</Filter>
    </ClCompile>
    <ClCompile Include="runtime\VulkanCoreContext.cpp">
      <Filter>Source Files</Filter>
    </ClCompile>
    <ClCompile Include="runtime\SceneContext.cpp">
      <Filter>Source Files</Filter>
    </ClCompile>
    <ClCompile Include="runtime\RenderContext.cpp">
      <Filter>Source Files</Filter>
    </ClCompile>
    <ClCompile Include="runtime\RuntimeController.cpp">
      <Filter>Source Files</Filter>
    </ClCompile>
    <ClCompile Include="runtime\RenderSettingsManager.cpp">
      <Filter>Source Files</Filter>
    </ClCompile>
    <ClCompile Include="runtime\RenderSettingsController.cpp">
      <Filter>Source Files</Filter>
    </ClCompile>
    <ClCompile Include="runtime\RuntimeInputController.cpp">
      <Filter>Source Files</Filter>
    </ClCompile>
    <ClCompile Include="runtime\RuntimeRenderController.cpp">
      <Filter>Source Files</Filter>
    </ClCompile>
    <ClCompile Include="runtime\RuntimeSimulationController.cpp">
      <Filter>Source Files</Filter>
    </ClCompile>
    <ClCompile Include="runtime\RuntimeExecutionController.cpp">
      <Filter>Source Files</Filter>
    </ClCompile>
    <ClCompile Include="runtime\RuntimeSystems.cpp">
      <Filter>Source Files</Filter>
    </ClCompile>
    <ClCompile Include="scene\SceneController.cpp">
      <Filter>Source Files</Filter>
    </ClCompile>
    <ClCompile Include="scene\ModelRegistry.cpp">
      <Filter>Source Files</Filter>
    </ClCompile>
    <ClCompile Include="framegraph\FrameStats.cpp">
      <Filter>Source Files</Filter>
    </ClCompile>
    <ClCompile Include="render\RenderTargetManager.cpp">
      <Filter>Source Files</Filter>
    </ClCompile>
    <ClCompile Include="vulkan\VulkanInstanceContext.cpp">
      <Filter>Source Files</Filter>
    </ClCompile>
    <ClCompile Include="util\HDR.cpp">
      <Filter>Source Files</Filter>
    </ClCompile>
    <ClCompile Include="vulkan\VulkanImage.cpp">
      <Filter>Source Files</Filter>
    </ClCompile>
    <ClCompile Include="render\SceneRenderer.cpp">
      <Filter>Source Files</Filter>
    </ClCompile>
    <ClCompile Include="render\GeometryPass.cpp">
      <Filter>Source Files</Filter>
    </ClCompile>
    <ClCompile Include="render\LightingPass.cpp">
      <Filter>Source Files</Filter>
    </ClCompile>
    <ClCompile Include="render\OverlayPass.cpp">
      <Filter>Source Files</Filter>
    </ClCompile>
    <ClCompile Include="render\BlendPass.cpp">
      <Filter>Source Files</Filter>
    </ClCompile>
    <ClCompile Include="spatial\Grid.cpp">
      <Filter>Source Files</Filter>
    </ClCompile>
    <ClCompile Include="heat\HeatSystem.cpp">
      <Filter>Source Files</Filter>
    </ClCompile>
    <ClCompile Include="heat\HeatSystemRuntime.cpp">
      <Filter>Source Files</Filter>
    </ClCompile>
    <ClCompile Include="heat\HeatSource.cpp">
      <Filter>Source Files</Filter>
    </ClCompile>
    <ClCompile Include="heat\HeatSystemController.cpp">
      <Filter>Source Files</Filter>
    </ClCompile>
    <ClCompile Include="vulkan\MemoryAllocator.cpp">
      <Filter>Source Files</Filter>
    </ClCompile>
    <ClCompile Include="vulkan\ResourceManager.cpp">
      <Filter>Source Files</Filter>
    </ClCompile>
    <ClCompile Include="mesh\\remesher\\Remesher.cpp">
      <Filter>Source Files</Filter>
    </ClCompile>
    <ClCompile Include="framegraph\FrameGraph.cpp">
      <Filter>Source Files</Filter>
    </ClCompile>
    <ClCompile Include="framegraph\FrameGraphCompile.cpp">
      <Filter>Source Files</Filter>
    </ClCompile>
    <ClCompile Include="framegraph\VkFrameGraphRuntime.cpp">
      <Filter>Source Files</Filter>
    </ClCompile>
    <ClCompile Include="framegraph\VkFrameGraphBackend.cpp">
      <Filter>Source Files</Filter>
    </ClCompile>
    <ClCompile Include="render\MainRenderGraph.cpp">
      <Filter>Source Files</Filter>
    </ClCompile>
    <ClCompile Include="mesh\\remesher\\iODT.cpp">
      <Filter>Source Files</Filter>
    </ClCompile>
    <ClCompile Include="mesh\\remesher\\HalfEdgeMesh.cpp">
      <Filter>Source Files</Filter>
    </ClCompile>
    <ClCompile Include="mesh\\remesher\\GeodesicTracer.cpp">
      <Filter>Source Files</Filter>
    </ClCompile>
    <ClCompile Include="app\App.cpp">
      <Filter>Source Files</Filter>
    </ClCompile>
    <ClCompile Include="app\MainQt.cpp">
      <Filter>Source Files</Filter>
    </ClCompile>
    <ClCompile Include="scene\ModelSelection.cpp">
      <Filter>Source Files</Filter>
    </ClCompile>
    <ClCompile Include="scene\GizmoController.cpp">
      <Filter>Source Files</Filter>
    </ClCompile>
    <ClCompile Include="renderers\GizmoRenderer.cpp">
      <Filter>Source Files</Filter>
    </ClCompile>
    <ClCompile Include="mesh\\remesher\\SignPostMesh.cpp">
      <Filter>Source Files</Filter>
    </ClCompile>
    <ClCompile Include="mesh\\remesher\\CommonSubdivision.cpp">
      <Filter>Source Files</Filter>
    </ClCompile>
    <ClCompile Include="mesh\\remesher\\SupportingHalfedge.cpp">
      <Filter>Source Files</Filter>
    </ClCompile>
    <ClCompile Include="vulkan\VulkanBuffer.cpp">
      <Filter>Source Files</Filter>
    </ClCompile>
    <ClCompile Include="spatial\HashGrid.cpp">
      <Filter>Source Files</Filter>
    </ClCompile>
    <ClCompile Include="heat\HeatReceiver.cpp">
      <Filter>Source Files</Filter>
    </ClCompile>
    <ClCompile Include="renderers\SurfelRenderer.cpp">
      <Filter>Source Files</Filter>
    </ClCompile>
    <ClCompile Include="renderers\HashGridRenderer.cpp">
      <Filter>Source Files</Filter>
    </ClCompile>
    <ClCompile Include="renderers\WireframeRenderer.cpp">
      <Filter>Source Files</Filter>
    </ClCompile>
    <ClCompile Include="spatial\GridLabel.cpp">
      <Filter>Source Files</Filter>
    </ClCompile>
    <ClCompile Include="renderers\TimingRenderer.cpp">
      <Filter>Source Files</Filter>
    </ClCompile>
    <ClCompile Include="scene\InputController.cpp">
      <Filter>Source Files</Filter>
    </ClCompile>
    <ClCompile Include="voronoi\VoronoiSeeder.cpp">
      <Filter>Source Files</Filter>
    </ClCompile>
    <ClCompile Include="spatial\TriangleHashGrid.cpp">
      <Filter>Source Files</Filter>
    </ClCompile>
    <ClCompile Include="voronoi\VoronoiIntegrator.cpp">
      <Filter>Source Files</Filter>
    </ClCompile>
    <ClCompile Include="spatial\VoxelGrid.cpp">
      <Filter>Source Files</Filter>
    </ClCompile>
    <ClCompile Include="renderers\VoronoiRenderer.cpp">
      <Filter>Source Files</Filter>
    </ClCompile>
    <ClCompile Include="renderers\PointRenderer.cpp">
      <Filter>Source Files</Filter>
    </ClCompile>
    <ClCompile Include="voronoi\LloydCompute.cpp">
      <Filter>Source Files</Filter>
    </ClCompile>
    <ClCompile Include="voronoi\VoronoiGeoCompute.cpp">
      <Filter>Source Files</Filter>
    </ClCompile>
    <ClCompile Include="heat\ContactInterface.cpp">
      <Filter>Source Files</Filter>
    </ClCompile>
    <ClCompile Include="renderers\ContactLineRenderer.cpp">
      <Filter>Source Files</Filter>
    </ClCompile>
    <ClCompile Include="framegraph\FrameSync.cpp">
      <Filter>Source Files</Filter>
    </ClCompile>
    <ClCompile Include="voronoi\VoronoiCandidateCompute.cpp">
      <Filter>Source Files</Filter>
    </ClCompile>
    <ClCompile Include="scene\LightingSystem.cpp">
      <Filter>Source Files</Filter>
    </ClCompile>
    <ClCompile Include="scene\MaterialSystem.cpp">
      <Filter>Source Files</Filter>
    </ClCompile>
    <ClCompile Include="mesh\MeshModifiers.cpp">
      <Filter>Source Files</Filter>
    </ClCompile>
    <ClCompile Include="renderers\HeatRenderer.cpp">
      <Filter>Source Files</Filter>
    </ClCompile>
    <ClCompile Include="util\GlyphText.cpp">
      <Filter>Source Files</Filter>
    </ClCompile>
    <ClCompile Include="nodegraph\NodeGraphBridge.cpp">
      <Filter>Source Files</Filter>
    </ClCompile>
    <ClCompile Include="nodegraph\NodeGraphController.cpp">
      <Filter>Source Files</Filter>
    </ClCompile>
    <ClCompile Include="nodegraph\NodeGraphDocument.cpp">
      <Filter>Source Files</Filter>
    </ClCompile>
    <ClCompile Include="nodegraph\NodeGraphDock.cpp">
      <Filter>Source Files</Filter>
    </ClCompile>
    <ClCompile Include="nodegraph\NodeGraphDataTypes.cpp">
      <Filter>Source Files</Filter>
    </ClCompile>
    <ClCompile Include="nodegraph\NodeGraphRuntime.cpp">
      <Filter>Source Files</Filter>
    </ClCompile>
    <ClCompile Include="nodegraph\NodeGraphDebugStore.cpp">
      <Filter>Source Files</Filter>
    </ClCompile>
    <ClCompile Include="nodegraph\NodeGraphKernels.cpp">
      <Filter>Source Files</Filter>
    </ClCompile>
    <ClCompile Include="nodegraph\NodeSolverController.cpp">
      <Filter>Source Files</Filter>
    </ClCompile>
    <ClCompile Include="nodegraph\NodeModel.cpp">
      <Filter>Source Files</Filter>
    </ClCompile>
    <ClCompile Include="nodegraph\NodeRemesh.cpp">
      <Filter>Source Files</Filter>
    </ClCompile>
    <ClCompile Include="nodegraph\NodeHeatReceiver.cpp">
      <Filter>Source Files</Filter>
    </ClCompile>
    <ClCompile Include="nodegraph\NodeHeatSource.cpp">
      <Filter>Source Files</Filter>
    </ClCompile>
    <ClCompile Include="nodegraph\NodeHeatSolve.cpp">
      <Filter>Source Files</Filter>
    </ClCompile>
    <ClCompile Include="nodegraph\NodeGraphExecutionPlanner.cpp">
      <Filter>Source Files</Filter>
    </ClCompile>
    <ClCompile Include="nodegraph\NodeInspectorDialog.cpp">
      <Filter>Source Files</Filter>
    </ClCompile>
    <ClCompile Include="nodegraph\NodeGraphScene.cpp">
      <Filter>Source Files</Filter>
    </ClCompile>
    <ClCompile Include="nodegraph\NodeGraphTypes.cpp">
      <Filter>Source Files</Filter>
    </ClCompile>
    <ClCompile Include="nodegraph\NodeGraphValidator.cpp">
      <Filter>Source Files</Filter>
    </ClCompile>
    <ClCompile Include="app\VulkanViewportWidget.cpp">
      <Filter>Source Files</Filter>
    </ClCompile>
  </ItemGroup>
  <ItemGroup>
    <None Include="shaders\grid.vert">
      <Filter>Shaders</Filter>
    </None>
    <None Include="shaders\grid.frag">
      <Filter>Shaders</Filter>
    </None>
    <None Include="shaders\gbuffer.vert">
      <Filter>Shaders</Filter>
    </None>
    <None Include="shaders\gbuffer.frag">
      <Filter>Shaders</Filter>
    </None>
    <None Include="shaders\lighting.vert">
      <Filter>Shaders</Filter>
    </None>
    <None Include="shaders\lighting.frag">
      <Filter>Shaders</Filter>
    </None>
    <None Include="shaders\heat_tetra.comp">
      <Filter>Shaders</Filter>
    </None>
    <None Include="shaders\heat_source.comp">
      <Filter>Shaders</Filter>
    </None>
    <None Include="shaders\wireframe.frag">
      <Filter>Shaders</Filter>
    </None>
    <None Include="shaders\wireframe.vert">
      <Filter>Shaders</Filter>
    </None>
    <None Include="shaders\blend.frag">
      <Filter>Shaders</Filter>
    </None>
    <None Include="shaders\blend.vert">
      <Filter>Shaders</Filter>
    </None>
    <None Include="shaders\outline.frag">
      <Filter>Shaders</Filter>
    </None>
    <None Include="shaders\outline.vert">
      <Filter>Shaders</Filter>
    </None>
    <None Include="shaders\gizmo.frag">
      <Filter>Shaders</Filter>
    </None>
    <None Include="shaders\gizmo.vert">
      <Filter>Shaders</Filter>
    </None>
    <None Include="shaders\intrinsic_supporting.frag">
      <Filter>Shaders</Filter>
    </None>
    <None Include="shaders\intrinsic_supporting.vert">
      <Filter>Shaders</Filter>
    </None>
    <None Include="shaders\intrinsic_supporting.geom">
      <Filter>Shaders</Filter>
    </None>
    <None Include="shaders\heat_buffer.frag">
      <Filter>Shaders</Filter>
    </None>
    <None Include="shaders\intrinsic_normals.frag">
      <Filter>Shaders</Filter>
    </None>
    <None Include="shaders\intrinsic_normals.geom">
      <Filter>Shaders</Filter>
    </None>
    <None Include="shaders\intrinsic_normals.vert">
      <Filter>Shaders</Filter>
    </None>
    <None Include="shaders\hash_grid_build.comp">
      <Filter>Shaders</Filter>
    </None>
    <None Include="shaders\hash_grid_vis.frag">
      <Filter>Shaders</Filter>
    </None>
    <None Include="shaders\hash_grid_vis.vert">
      <Filter>Shaders</Filter>
    </None>
    <None Include="shaders\intrinsic_vertex_normals.frag">
      <Filter>Shaders</Filter>
    </None>
    <None Include="shaders\intrinsic_vertex_normals.geom">
      <Filter>Shaders</Filter>
    </None>
    <None Include="shaders\intrinsic_vertex_normals.vert">
      <Filter>Shaders</Filter>
    </None>
    <None Include="shaders\surfel_debug.frag">
      <Filter>Shaders</Filter>
    </None>
    <None Include="shaders\surfel_debug.vert">
      <Filter>Shaders</Filter>
    </None>
    <None Include="shaders\timing_overlay.frag">
      <Filter>Shaders</Filter>
    </None>
    <None Include="shaders\timing_overlay.vert">
      <Filter>Shaders</Filter>
    </None>
    <None Include="shaders\grid_label.frag">
      <Filter>Shaders</Filter>
    </None>
    <None Include="shaders\grid_label.vert">
      <Filter>Shaders</Filter>
    </None>
    <None Include="shaders\heat_voronoi.comp">
      <Filter>Shaders</Filter>
    </None>
    <None Include="shaders\voronoi_surface.frag">
      <Filter>Shaders</Filter>
    </None>
    <None Include="shaders\voronoi_surface.vert">
      <Filter>Shaders</Filter>
    </None>
    <None Include="shaders\heat_geometry.slang">
      <Filter>Shaders</Filter>
    </None>
    <None Include="shaders\point_cloud.frag">
      <Filter>Shaders</Filter>
    </None>
    <None Include="shaders\point_cloud.vert">
      <Filter>Shaders</Filter>
    </None>
    <None Include="shaders\heat_contact_centroid.comp">
      <Filter>Shaders</Filter>
    </None>
    <None Include="shaders\heat_surface.slang">
      <Filter>Shaders</Filter>
    </None>
    <None Include="shaders\contact_lines.frag" />
    <None Include="shaders\contact_lines.vert" />
    <None Include="shaders\voronoi_surface.geom">
      <Filter>Shaders</Filter>
    </None>
    <None Include="shaders\voronoi_candidates_intrinsic.slang" />
  </ItemGroup>
  <ItemGroup>
    <ClInclude Include="util\file_utils.h">
      <Filter>Header Files</Filter>
    </ClInclude>
    <ClInclude Include="scene\Camera.hpp">
      <Filter>Header Files</Filter>
    </ClInclude>
    <ClInclude Include="scene\CameraController.hpp">
      <Filter>Header Files</Filter>
    </ClInclude>
    <ClInclude Include="scene\MousePicker.hpp">
      <Filter>Header Files</Filter>
    </ClInclude>
    <ClInclude Include="vulkan\UniformBufferManager.hpp">
      <Filter>Header Files</Filter>
    </ClInclude>
    <ClInclude Include="util\Structs.hpp">
      <Filter>Header Files</Filter>
    </ClInclude>
    <ClInclude Include="util\UiTheme.hpp">
      <Filter>Header Files</Filter>
    </ClInclude>
    <ClInclude Include="vulkan\VulkanDevice.hpp">
      <Filter>Header Files</Filter>
    </ClInclude>
    <ClInclude Include="scene\Model.hpp">
      <Filter>Header Files</Filter>
    </ClInclude>
    <ClInclude Include="scene\ModelUploader.hpp">
      <Filter>Header Files</Filter>
    </ClInclude>
    <ClInclude Include="vulkan\CommandBufferManager.hpp">
      <Filter>Header Files</Filter>
    </ClInclude>
    <ClInclude Include="util\ComputeTiming.hpp">
      <Filter>Header Files</Filter>
    </ClInclude>
    <ClInclude Include="framegraph\FrameController.hpp">
      <Filter>Header Files</Filter>
    </ClInclude>
    <ClInclude Include="framegraph\FrameSimulation.hpp">
      <Filter>Header Files</Filter>
    </ClInclude>
    <ClInclude Include="framegraph\FrameTypes.hpp">
      <Filter>Header Files</Filter>
    </ClInclude>
    <ClInclude Include="framegraph\FrameUpdateStage.hpp">
      <Filter>Header Files</Filter>
    </ClInclude>
    <ClInclude Include="framegraph\FrameComputeStage.hpp">
      <Filter>Header Files</Filter>
    </ClInclude>
    <ClInclude Include="framegraph\FrameGraphicsStage.hpp">
      <Filter>Header Files</Filter>
    </ClInclude>
    <ClInclude Include="render\RenderTargetStage.hpp">
      <Filter>Header Files</Filter>
    </ClInclude>
    <ClInclude Include="render\RenderRuntime.hpp">
      <Filter>Header Files</Filter>
    </ClInclude>
    <ClInclude Include="runtime\RuntimeHost.hpp">
      <Filter>Header Files</Filter>
    </ClInclude>
    <ClInclude Include="runtime\VulkanCoreContext.hpp">
      <Filter>Header Files</Filter>
    </ClInclude>
    <ClInclude Include="runtime\SceneContext.hpp">
      <Filter>Header Files</Filter>
    </ClInclude>
    <ClInclude Include="runtime\RenderContext.hpp">
      <Filter>Header Files</Filter>
    </ClInclude>
    <ClInclude Include="runtime\RuntimeController.hpp">
      <Filter>Header Files</Filter>
    </ClInclude>
    <ClInclude Include="runtime\RenderSettingsManager.hpp">
      <Filter>Header Files</Filter>
    </ClInclude>
    <ClInclude Include="runtime\RenderSettingsController.hpp">
      <Filter>Header Files</Filter>
    </ClInclude>
    <ClInclude Include="runtime\RuntimeInputController.hpp">
      <Filter>Header Files</Filter>
    </ClInclude>
    <ClInclude Include="runtime\RuntimeRenderController.hpp">
      <Filter>Header Files</Filter>
    </ClInclude>
    <ClInclude Include="runtime\RuntimeSimulationController.hpp">
      <Filter>Header Files</Filter>
    </ClInclude>
    <ClInclude Include="runtime\RuntimeExecutionController.hpp">
      <Filter>Header Files</Filter>
    </ClInclude>
    <ClInclude Include="runtime\RuntimeSystems.hpp">
      <Filter>Header Files</Filter>
    </ClInclude>
    <ClInclude Include="runtime\RuntimeInterfaces.hpp">
      <Filter>Header Files</Filter>
    </ClInclude>
    <ClInclude Include="scene\SceneController.hpp">
      <Filter>Header Files</Filter>
    </ClInclude>
    <ClInclude Include="scene\ModelRegistry.hpp">
      <Filter>Header Files</Filter>
    </ClInclude>
    <ClInclude Include="framegraph\FrameStats.hpp">
      <Filter>Header Files</Filter>
    </ClInclude>
    <ClInclude Include="render\RenderConfig.hpp">
      <Filter>Header Files</Filter>
    </ClInclude>
    <ClInclude Include="render\RenderSettings.hpp">
      <Filter>Header Files</Filter>
    </ClInclude>
    <ClInclude Include="render\RenderTargetManager.hpp">
      <Filter>Header Files</Filter>
    </ClInclude>
    <ClInclude Include="vulkan\VulkanInstanceContext.hpp">
      <Filter>Header Files</Filter>
    </ClInclude>
    <ClInclude Include="util\HDR.hpp">
      <Filter>Header Files</Filter>
    </ClInclude>
    <ClInclude Include="vulkan\VulkanImage.hpp">
      <Filter>Header Files</Filter>
    </ClInclude>
    <ClInclude Include="render\SceneRenderer.hpp">
      <Filter>Header Files</Filter>
    </ClInclude>
    <ClInclude Include="render\GeometryPass.hpp">
      <Filter>Header Files</Filter>
    </ClInclude>
    <ClInclude Include="render\LightingPass.hpp">
      <Filter>Header Files</Filter>
    </ClInclude>
    <ClInclude Include="render\OverlayPass.hpp">
      <Filter>Header Files</Filter>
    </ClInclude>
    <ClInclude Include="render\BlendPass.hpp">
      <Filter>Header Files</Filter>
    </ClInclude>
    <ClInclude Include="spatial\Grid.hpp">
      <Filter>Header Files</Filter>
    </ClInclude>
    <ClInclude Include="heat\HeatSystem.hpp">
      <Filter>Header Files</Filter>
    </ClInclude>
    <ClInclude Include="heat\HeatSystemRuntime.hpp">
      <Filter>Header Files</Filter>
    </ClInclude>
    <ClInclude Include="heat\HeatSystemController.hpp">
      <Filter>Header Files</Filter>
    </ClInclude>
    <ClInclude Include="voronoi\LloydCompute.hpp">
      <Filter>Header Files</Filter>
    </ClInclude>
    <ClInclude Include="voronoi\VoronoiGeoCompute.hpp">
      <Filter>Header Files</Filter>
    </ClInclude>
    <ClInclude Include="heat\HeatSource.hpp">
      <Filter>Header Files</Filter>
    </ClInclude>
    <ClInclude Include="vulkan\MemoryAllocator.hpp">
      <Filter>Header Files</Filter>
    </ClInclude>
    <ClInclude Include="vulkan\ResourceManager.hpp">
      <Filter>Header Files</Filter>
    </ClInclude>
    <ClInclude Include="mesh\\remesher\\Remesher.hpp">
      <Filter>Header Files</Filter>
    </ClInclude>
    <ClInclude Include="framegraph\FrameGraph.hpp">
      <Filter>Header Files</Filter>
    </ClInclude>
    <ClInclude Include="framegraph\FrameGraphPasses.hpp">
      <Filter>Header Files</Filter>
    </ClInclude>
    <ClInclude Include="framegraph\FrameGraphTypes.hpp">
      <Filter>Header Files</Filter>
    </ClInclude>
    <ClInclude Include="framegraph\FrameGraphResources.hpp">
      <Filter>Header Files</Filter>
    </ClInclude>
    <ClInclude Include="framegraph\VkFrameGraphRuntime.hpp">
      <Filter>Header Files</Filter>
    </ClInclude>
    <ClInclude Include="framegraph\VkFrameGraphBackend.hpp">
      <Filter>Header Files</Filter>
    </ClInclude>
    <ClInclude Include="render\MainRenderGraph.hpp">
      <Filter>Header Files</Filter>
    </ClInclude>
    <ClInclude Include="framegraph\FramePass.hpp">
      <Filter>Header Files</Filter>
    </ClInclude>
    <ClInclude Include="scene\SceneView.hpp">
      <Filter>Header Files</Filter>
    </ClInclude>
    <ClInclude Include="mesh\\remesher\\iODT.hpp">
      <Filter>Header Files</Filter>
    </ClInclude>
    <ClInclude Include="mesh\\remesher\\HalfEdgeMesh.hpp">
      <Filter>Header Files</Filter>
    </ClInclude>
    <ClInclude Include="mesh\\remesher\\SignPostMesh.hpp">
      <Filter>Header Files</Filter>
    </ClInclude>
    <ClInclude Include="mesh\\remesher\\GeodesicTracer.hpp">
      <Filter>Header Files</Filter>
    </ClInclude>
    <ClInclude Include="app\App.h">
      <Filter>Header Files</Filter>
    </ClInclude>
    <ClInclude Include="app\AppTypes.hpp">
      <Filter>Header Files</Filter>
    </ClInclude>
    <ClInclude Include="scene\ModelSelection.hpp">
      <Filter>Header Files</Filter>
    </ClInclude>
    <ClInclude Include="scene\GizmoController.hpp">
      <Filter>Header Files</Filter>
    </ClInclude>
    <ClInclude Include="renderers\GizmoRenderer.hpp">
      <Filter>Header Files</Filter>
    </ClInclude>
    <ClInclude Include="mesh\\remesher\\CommonSubdivision.hpp">
      <Filter>Header Files</Filter>
    </ClInclude>
    <ClInclude Include="mesh\\remesher\\SupportingHalfedge.hpp">
      <Filter>Header Files</Filter>
    </ClInclude>
    <ClInclude Include="spatial\HashGrid.hpp">
      <Filter>Header Files</Filter>
    </ClInclude>
    <ClInclude Include="heat\HeatReceiver.hpp">
      <Filter>Header Files</Filter>
    </ClInclude>
    <ClInclude Include="renderers\SurfelRenderer.hpp">
      <Filter>Header Files</Filter>
    </ClInclude>
    <ClInclude Include="renderers\HashGridRenderer.hpp">
      <Filter>Header Files</Filter>
    </ClInclude>
    <ClInclude Include="renderers\WireframeRenderer.hpp">
      <Filter>Header Files</Filter>
    </ClInclude>
    <ClInclude Include="spatial\GridLabel.hpp">
      <Filter>Header Files</Filter>
    </ClInclude>
    <ClInclude Include="renderers\TimingRenderer.hpp">
      <Filter>Header Files</Filter>
    </ClInclude>
    <ClInclude Include="scene\InputController.hpp">
      <Filter>Header Files</Filter>
    </ClInclude>
    <ClInclude Include="voronoi\VoronoiSeeder.hpp">
      <Filter>Header Files</Filter>
    </ClInclude>
    <ClInclude Include="spatial\TriangleHashGrid.hpp">
      <Filter>Header Files</Filter>
    </ClInclude>
    <ClInclude Include="util\predicates.h">
      <Filter>Header Files</Filter>
    </ClInclude>
    <ClInclude Include="libs\nanoflann\include\nanoflann.hpp">
      <Filter>Libs</Filter>
    </ClInclude>
    <ClInclude Include="voronoi\VoronoiIntegrator.hpp">
      <Filter>Header Files</Filter>
    </ClInclude>
    <ClInclude Include="spatial\VoxelGrid.hpp">
      <Filter>Header Files</Filter>
    </ClInclude>
    <ClInclude Include="renderers\VoronoiRenderer.hpp">
      <Filter>Header Files</Filter>
    </ClInclude>
    <ClInclude Include="renderers\PointRenderer.hpp">
      <Filter>Header Files</Filter>
    </ClInclude>
    <ClInclude Include="renderers\ContactLineRenderer.hpp">
      <Filter>Header Files</Filter>
    </ClInclude>
    <ClInclude Include="heat\ContactInterface.hpp">
      <Filter>Header Files</Filter>
    </ClInclude>
    <ClInclude Include="framegraph\FrameSync.hpp">
      <Filter>Header Files</Filter>
    </ClInclude>
    <ClInclude Include="util\GeometryUtils.hpp">
      <Filter>Header Files</Filter>
    </ClInclude>
    <ClInclude Include="voronoi\VoronoiCandidateCompute.hpp">
      <Filter>Header Files</Filter>
    </ClInclude>
    <ClInclude Include="scene\LightingSystem.hpp">
      <Filter>Header Files</Filter>
    </ClInclude>
    <ClInclude Include="scene\MaterialSystem.hpp">
      <Filter>Header Files</Filter>
    </ClInclude>
    <ClInclude Include="mesh\MeshModifiers.hpp">
      <Filter>Header Files</Filter>
    </ClInclude>
    <ClInclude Include="renderers\HeatRenderer.hpp">
      <Filter>Header Files</Filter>
    </ClInclude>
    <ClInclude Include="vulkan\VulkanBuffer.hpp">
      <Filter>Shaders</Filter>
    </ClInclude>
    <ClInclude Include="util\GlyphText.hpp">
      <Filter>Header Files</Filter>
    </ClInclude>
    <ClInclude Include="nodegraph\NodeGraphBridge.hpp">
      <Filter>Header Files</Filter>
    </ClInclude>
    <ClInclude Include="nodegraph\NodeGraphController.hpp">
      <Filter>Header Files</Filter>
    </ClInclude>
    <ClInclude Include="nodegraph\NodeGraphDocument.hpp">
      <Filter>Header Files</Filter>
    </ClInclude>
    <ClInclude Include="nodegraph\NodeGraphDock.hpp">
      <Filter>Header Files</Filter>
    </ClInclude>
    <ClInclude Include="nodegraph\NodeGraphDataTypes.hpp">
      <Filter>Header Files</Filter>
    </ClInclude>
    <ClInclude Include="nodegraph\NodeGraphRuntime.hpp">
      <Filter>Header Files</Filter>
    </ClInclude>
    <ClInclude Include="nodegraph\NodeGraphDebugStore.hpp">
      <Filter>Header Files</Filter>
    </ClInclude>
    <ClInclude Include="nodegraph\NodeGraphKernels.hpp">
      <Filter>Header Files</Filter>
    </ClInclude>
    <ClInclude Include="nodegraph\NodeSolverController.hpp">
      <Filter>Header Files</Filter>
    </ClInclude>
    <ClInclude Include="nodegraph\NodeModel.hpp">
      <Filter>Header Files</Filter>
    </ClInclude>
    <ClInclude Include="nodegraph\NodeRemesh.hpp">
      <Filter>Header Files</Filter>
    </ClInclude>
    <ClInclude Include="nodegraph\NodeHeatReceiver.hpp">
      <Filter>Header Files</Filter>
    </ClInclude>
    <ClInclude Include="nodegraph\NodeHeatSource.hpp">
      <Filter>Header Files</Filter>
    </ClInclude>
    <ClInclude Include="nodegraph\NodeHeatSolve.hpp">
      <Filter>Header Files</Filter>
    </ClInclude>
    <ClInclude Include="nodegraph\NodeGraphExecutionPlanner.hpp">
      <Filter>Header Files</Filter>
    </ClInclude>
    <ClInclude Include="nodegraph\NodeInspectorDialog.hpp">
      <Filter>Header Files</Filter>
    </ClInclude>
    <ClInclude Include="nodegraph\NodeGraphScene.hpp">
      <Filter>Header Files</Filter>
    </ClInclude>
    <ClInclude Include="nodegraph\NodeGraphTypes.hpp">
      <Filter>Header Files</Filter>
    </ClInclude>
    <ClInclude Include="nodegraph\NodeGraphValidator.hpp">
      <Filter>Header Files</Filter>
    </ClInclude>
    <ClInclude Include="nodegraph\NodeGraphNodeRectItem.hpp">
      <Filter>Header Files</Filter>
    </ClInclude>
    <ClInclude Include="render\SceneColorSpace.hpp">
      <Filter>Header Files</Filter>
    </ClInclude>
    <ClInclude Include="render\WindowRuntimeState.hpp">
      <Filter>Header Files</Filter>
    </ClInclude>
  </ItemGroup>
  <ItemGroup>
    <QtMoc Include="app\MainQt.h">
      <Filter>Header Files</Filter>
    </QtMoc>
    <QtMoc Include="app\VulkanViewportWidget.hpp">
      <Filter>Header Files</Filter>
    </QtMoc>
  </ItemGroup>
</Project>
