<?xml version="1.0" encoding="utf-8"?>
<Project ToolsVersion="4.0" xmlns="http://schemas.microsoft.com/developer/msbuild/2003">
  <ItemGroup>
    <Filter Include="Source Files">
      <UniqueIdentifier>{4FC737F1-C7A5-4376-A066-2A32D752A2FF}</UniqueIdentifier>
      <Extensions>cpp;c;cc;cxx;c++;cppm;ixx;def;odl;idl;hpj;bat;asm;asmx</Extensions>
    </Filter>
    <Filter Include="Header Files">
      <UniqueIdentifier>{93995380-89BD-4b04-88EB-625FBE52EBFB}</UniqueIdentifier>
      <Extensions>h;hh;hpp;hxx;h++;hm;inl;inc;ipp;xsd</Extensions>
    </Filter>
    <Filter Include="Resource Files">
      <UniqueIdentifier>{67DA6AB6-F800-4c08-8B7A-83BB121AAD01}</UniqueIdentifier>
      <Extensions>rc;ico;cur;bmp;dlg;rc2;rct;bin;rgs;gif;jpg;jpeg;jpe;resx;tiff;tif;png;wav;mfcribbon-ms</Extensions>
    </Filter>
    <Filter Include="Shaders">
      <UniqueIdentifier>{bf3b90aa-8d1e-4314-b4d9-404ffc6a50f2}</UniqueIdentifier>
    </Filter>
    <Filter Include="Libs">
      <UniqueIdentifier>{be5aec8d-c0bf-4e2a-811f-84a0160c7adf}</UniqueIdentifier>
    </Filter>
  </ItemGroup>
  <ItemGroup>
    <ClCompile Include="file_utils.cpp">
      <Filter>Source Files</Filter>
    </ClCompile>
    <ClCompile Include="UniformBufferManager.cpp">
      <Filter>Source Files</Filter>
    </ClCompile>
    <ClCompile Include="VulkanDevice.cpp">
      <Filter>Source Files</Filter>
    </ClCompile>
    <ClCompile Include="Camera.cpp">
      <Filter>Source Files</Filter>
    </ClCompile>
    <ClCompile Include="Model.cpp">
      <Filter>Source Files</Filter>
    </ClCompile>
    <ClCompile Include="CommandBufferManager.cpp">
      <Filter>Source Files</Filter>
    </ClCompile>
    <ClCompile Include="HDR.cpp">
      <Filter>Source Files</Filter>
    </ClCompile>
    <ClCompile Include="VulkanImage.cpp">
      <Filter>Source Files</Filter>
    </ClCompile>
    <ClCompile Include="GBuffer.cpp">
      <Filter>Source Files</Filter>
    </ClCompile>
    <ClCompile Include="Grid.cpp">
      <Filter>Source Files</Filter>
    </ClCompile>
    <ClCompile Include="HeatSystem.cpp">
      <Filter>Source Files</Filter>
    </ClCompile>
    <ClCompile Include="HeatSource.cpp">
      <Filter>Source Files</Filter>
    </ClCompile>
    <ClCompile Include="MemoryAllocator.cpp">
      <Filter>Source Files</Filter>
    </ClCompile>
    <ClCompile Include="ResourceManager.cpp">
      <Filter>Source Files</Filter>
    </ClCompile>
    <ClCompile Include="DeferredRenderer.cpp">
      <Filter>Source Files</Filter>
    </ClCompile>
    <ClCompile Include="iODT.cpp">
      <Filter>Source Files</Filter>
    </ClCompile>
    <ClCompile Include="HalfEdgeMesh.cpp">
      <Filter>Source Files</Filter>
    </ClCompile>
    <ClCompile Include="GeodesicTracer.cpp">
      <Filter>Source Files</Filter>
    </ClCompile>
    <ClCompile Include="App.cpp">
      <Filter>Source Files</Filter>
    </ClCompile>
    <ClCompile Include="VulkanWindow.cpp">
      <Filter>Source Files</Filter>
    </ClCompile>
    <ClCompile Include="MainQt.cpp">
      <Filter>Source Files</Filter>
    </ClCompile>
    <ClCompile Include="ModelSelection.cpp">
      <Filter>Source Files</Filter>
    </ClCompile>
    <ClCompile Include="Gizmo.cpp">
      <Filter>Source Files</Filter>
    </ClCompile>
    <ClCompile Include="SignPostMesh.cpp">
      <Filter>Source Files</Filter>
    </ClCompile>
    <ClCompile Include="CommonSubdivision.cpp">
      <Filter>Source Files</Filter>
    </ClCompile>
    <ClCompile Include="SupportingHalfedge.cpp">
      <Filter>Source Files</Filter>
    </ClCompile>
    <ClCompile Include="VulkanBuffer.cpp">
      <Filter>Source Files</Filter>
    </ClCompile>
    <ClCompile Include="HashGrid.cpp">
      <Filter>Source Files</Filter>
    </ClCompile>
    <ClCompile Include="HeatReceiver.cpp">
      <Filter>Source Files</Filter>
    </ClCompile>
    <ClCompile Include="SurfelRenderer.cpp">
      <Filter>Source Files</Filter>
    </ClCompile>
    <ClCompile Include="HashGridRenderer.cpp">
      <Filter>Source Files</Filter>
    </ClCompile>
    <ClCompile Include="WireframeRenderer.cpp">
      <Filter>Source Files</Filter>
    </ClCompile>
    <ClCompile Include="GridLabel.cpp">
      <Filter>Source Files</Filter>
    </ClCompile>
    <ClCompile Include="InputManager.cpp">
      <Filter>Source Files</Filter>
    </ClCompile>
    <ClCompile Include="VoronoiSeeder.cpp">
      <Filter>Source Files</Filter>
    </ClCompile>
    <ClCompile Include="TriangleHashGrid.cpp">
      <Filter>Source Files</Filter>
    </ClCompile>
    <ClCompile Include="VoronoiKDTree.cpp">
      <Filter>Source Files</Filter>
    </ClCompile>
    <ClCompile Include="VoronoiIntegrator.cpp">
      <Filter>Source Files</Filter>
    </ClCompile>
    <ClCompile Include="VoxelGrid.cpp">
      <Filter>Source Files</Filter>
    </ClCompile>
    <ClCompile Include="VoronoiRenderer.cpp">
      <Filter>Source Files</Filter>
    </ClCompile>
    <ClCompile Include="PointRenderer.cpp">
      <Filter>Source Files</Filter>
    </ClCompile>
    <ClCompile Include="LloydCompute.cpp">
      <Filter>Source Files</Filter>
    </ClCompile>
    <ClCompile Include="VoronoiGeoCompute.cpp">
      <Filter>Source Files</Filter>
    </ClCompile>
  </ItemGroup>
  <ItemGroup>
    <None Include="shaders\grid.vert">
      <Filter>Shaders</Filter>
    </None>
    <None Include="shaders\grid.frag">
      <Filter>Shaders</Filter>
    </None>
    <None Include="shaders\gbuffer.vert">
      <Filter>Shaders</Filter>
    </None>
    <None Include="shaders\gbuffer.frag">
      <Filter>Shaders</Filter>
    </None>
    <None Include="shaders\lighting.vert">
      <Filter>Shaders</Filter>
    </None>
    <None Include="shaders\lighting.frag">
      <Filter>Shaders</Filter>
    </None>
    <None Include="shaders\heat_tetra.comp">
      <Filter>Shaders</Filter>
    </None>
    <None Include="shaders\heat_source.comp">
      <Filter>Shaders</Filter>
    </None>
    <None Include="shaders\wireframe.frag">
      <Filter>Shaders</Filter>
    </None>
    <None Include="shaders\wireframe.vert">
      <Filter>Shaders</Filter>
    </None>
    <None Include="shaders\blend.frag">
      <Filter>Shaders</Filter>
    </None>
    <None Include="shaders\blend.vert">
      <Filter>Shaders</Filter>
    </None>
    <None Include="shaders\outline.frag">
      <Filter>Shaders</Filter>
    </None>
    <None Include="shaders\outline.vert">
      <Filter>Shaders</Filter>
    </None>
    <None Include="shaders\gizmo.frag">
      <Filter>Shaders</Filter>
    </None>
    <None Include="shaders\gizmo.vert">
      <Filter>Shaders</Filter>
    </None>
    <None Include="shaders\intrinsic_supporting.frag">
      <Filter>Shaders</Filter>
    </None>
    <None Include="shaders\intrinsic_supporting.vert">
      <Filter>Shaders</Filter>
    </None>
    <None Include="shaders\intrinsic_supporting.geom">
      <Filter>Shaders</Filter>
    </None>
    <None Include="shaders\heat_buffer.frag">
      <Filter>Shaders</Filter>
    </None>
    <None Include="shaders\intrinsic_normals.frag">
      <Filter>Shaders</Filter>
    </None>
    <None Include="shaders\intrinsic_normals.geom">
      <Filter>Shaders</Filter>
    </None>
    <None Include="shaders\intrinsic_normals.vert">
      <Filter>Shaders</Filter>
    </None>
    <None Include="shaders\hash_grid_build.comp">
      <Filter>Shaders</Filter>
    </None>
    <None Include="shaders\hash_grid_vis.frag">
      <Filter>Shaders</Filter>
    </None>
    <None Include="shaders\hash_grid_vis.vert">
      <Filter>Shaders</Filter>
    </None>
    <None Include="shaders\intrinsic_vertex_normals.frag">
      <Filter>Shaders</Filter>
    </None>
    <None Include="shaders\intrinsic_vertex_normals.geom">
      <Filter>Shaders</Filter>
    </None>
    <None Include="shaders\intrinsic_vertex_normals.vert">
      <Filter>Shaders</Filter>
    </None>
    <None Include="shaders\surfel_debug.frag">
      <Filter>Shaders</Filter>
    </None>
    <None Include="shaders\surfel_debug.vert">
      <Filter>Shaders</Filter>
    </None>
    <None Include="shaders\grid_label.frag">
      <Filter>Shaders</Filter>
    </None>
    <None Include="shaders\grid_label.vert">
      <Filter>Shaders</Filter>
    </None>
    <None Include="shaders\heat_voronoi.comp">
      <Filter>Shaders</Filter>
    </None>
    <None Include="shaders\voronoi_surface.frag">
      <Filter>Shaders</Filter>
    </None>
    <None Include="shaders\voronoi_surface.vert">
      <Filter>Shaders</Filter>
    </None>
    <None Include="shaders\heat_geometry.slang">
      <Filter>Shaders</Filter>
    </None>
    <None Include="shaders\point_cloud.frag">
      <Filter>Shaders</Filter>
    </None>
    <None Include="shaders\point_cloud.vert">
      <Filter>Shaders</Filter>
    </None>
    <None Include="shaders\heat_contact_centroid.comp">
      <Filter>Shaders</Filter>
    </None>
    <None Include="shaders\heat_surface.slang">
      <Filter>Shaders</Filter>
    </None>
  </ItemGroup>
  <ItemGroup>
    <ClInclude Include="file_utils.h">
      <Filter>Header Files</Filter>
    </ClInclude>
    <ClInclude Include="Camera.hpp">
      <Filter>Header Files</Filter>
    </ClInclude>
    <ClInclude Include="UniformBufferManager.hpp">
      <Filter>Header Files</Filter>
    </ClInclude>
    <ClInclude Include="Structs.hpp">
      <Filter>Header Files</Filter>
    </ClInclude>
    <ClInclude Include="VulkanDevice.hpp">
      <Filter>Header Files</Filter>
    </ClInclude>
    <ClInclude Include="Model.hpp">
      <Filter>Header Files</Filter>
    </ClInclude>
    <ClInclude Include="CommandBufferManager.hpp">
      <Filter>Header Files</Filter>
    </ClInclude>
    <ClInclude Include="HDR.hpp">
      <Filter>Header Files</Filter>
    </ClInclude>
    <ClInclude Include="VulkanImage.hpp">
      <Filter>Header Files</Filter>
    </ClInclude>
    <ClInclude Include="GBuffer.hpp">
      <Filter>Header Files</Filter>
    </ClInclude>
    <ClInclude Include="Grid.hpp">
      <Filter>Header Files</Filter>
    </ClInclude>
    <ClInclude Include="HeatSystem.hpp">
      <Filter>Header Files</Filter>
    </ClInclude>
    <ClInclude Include="LloydCompute.hpp">
      <Filter>Header Files</Filter>
    </ClInclude>
    <ClInclude Include="VoronoiGeoCompute.hpp">
      <Filter>Header Files</Filter>
    </ClInclude>
    <ClInclude Include="libs\TetGen\tetgen.h">
      <Filter>Header Files</Filter>
    </ClInclude>
    <ClInclude Include="HeatSource.hpp">
      <Filter>Header Files</Filter>
    </ClInclude>
    <ClInclude Include="MemoryAllocator.hpp">
      <Filter>Header Files</Filter>
    </ClInclude>
    <ClInclude Include="ResourceManager.hpp">
      <Filter>Header Files</Filter>
    </ClInclude>
    <ClInclude Include="DeferredRenderer.hpp">
      <Filter>Header Files</Filter>
    </ClInclude>
    <ClInclude Include="iODT.hpp">
      <Filter>Header Files</Filter>
    </ClInclude>
    <ClInclude Include="HalfEdgeMesh.hpp">
      <Filter>Header Files</Filter>
    </ClInclude>
    <ClInclude Include="SignPostMesh.hpp">
      <Filter>Header Files</Filter>
    </ClInclude>
    <ClInclude Include="GeodesicTracer.hpp">
      <Filter>Header Files</Filter>
    </ClInclude>
    <ClInclude Include="App.h">
      <Filter>Header Files</Filter>
    </ClInclude>
    <ClInclude Include="ModelSelection.hpp">
      <Filter>Header Files</Filter>
    </ClInclude>
    <ClInclude Include="Gizmo.hpp">
      <Filter>Header Files</Filter>
    </ClInclude>
    <ClInclude Include="CommonSubdivision.hpp">
      <Filter>Header Files</Filter>
    </ClInclude>
    <ClInclude Include="SupportingHalfedge.hpp">
      <Filter>Header Files</Filter>
    </ClInclude>
    <ClInclude Include="VulkanBuffer.hpp">
      <Filter>Source Files</Filter>
    </ClInclude>
    <ClInclude Include="HashGrid.hpp">
      <Filter>Header Files</Filter>
    </ClInclude>
    <ClInclude Include="HeatReceiver.hpp">
      <Filter>Header Files</Filter>
    </ClInclude>
    <ClInclude Include="SurfelRenderer.hpp">
      <Filter>Header Files</Filter>
    </ClInclude>
    <ClInclude Include="HashGridRenderer.hpp">
      <Filter>Header Files</Filter>
    </ClInclude>
    <ClInclude Include="WireframeRenderer.hpp">
      <Filter>Header Files</Filter>
    </ClInclude>
    <ClInclude Include="GridLabel.hpp">
      <Filter>Header Files</Filter>
    </ClInclude>
    <ClInclude Include="InputManager.hpp">
      <Filter>Header Files</Filter>
    </ClInclude>
    <ClInclude Include="VoronoiSeeder.hpp">
      <Filter>Header Files</Filter>
    </ClInclude>
    <ClInclude Include="TriangleHashGrid.hpp">
      <Filter>Header Files</Filter>
    </ClInclude>
    <ClInclude Include="predicates.h">
      <Filter>Header Files</Filter>
    </ClInclude>
    <ClInclude Include="libs\nanoflann\include\nanoflann.hpp">
      <Filter>Libs</Filter>
    </ClInclude>
    <ClInclude Include="VoronoiKDTree.hpp">
      <Filter>Header Files</Filter>
    </ClInclude>
    <ClInclude Include="VoronoiIntegrator.hpp">
      <Filter>Header Files</Filter>
    </ClInclude>
    <ClInclude Include="VoxelGrid.hpp">
      <Filter>Header Files</Filter>
    </ClInclude>
    <ClInclude Include="VoronoiRenderer.hpp">
      <Filter>Header Files</Filter>
    </ClInclude>
    <ClInclude Include="PointRenderer.hpp">
      <Filter>Header Files</Filter>
    </ClInclude>
  </ItemGroup>
  <ItemGroup>
    <QtMoc Include="MainQt.h">
      <Filter>Header Files</Filter>
    </QtMoc>
    <QtMoc Include="VulkanWindow.h">
      <Filter>Header Files</Filter>
    </QtMoc>
  </ItemGroup>
</Project>